// !$*UTF8*$!
{
	archiveVersion = 1;
	classes = {
	};
	objectVersion = 46;
	objects = {

/* Begin PBXBuildFile section */
		FA1F3303182E736500F67285 /* DebtorViewController.m in Sources */ = {isa = PBXBuildFile; fileRef = FA1F3302182E736500F67285 /* DebtorViewController.m */; };
		FA1F3306182E737000F67285 /* SyncViewController.m in Sources */ = {isa = PBXBuildFile; fileRef = FA1F3305182E737000F67285 /* SyncViewController.m */; };
		FA1F332B182EA04E00F67285 /* AVFoundation.framework in Frameworks */ = {isa = PBXBuildFile; fileRef = FA1F332A182EA04E00F67285 /* AVFoundation.framework */; };
		FA1F332D182EA05700F67285 /* CoreMedia.framework in Frameworks */ = {isa = PBXBuildFile; fileRef = FA1F332C182EA05700F67285 /* CoreMedia.framework */; };
		FA1F332F182EA06200F67285 /* CoreVideo.framework in Frameworks */ = {isa = PBXBuildFile; fileRef = FA1F332E182EA06200F67285 /* CoreVideo.framework */; };
		FA1F3331182EA06B00F67285 /* QuartzCore.framework in Frameworks */ = {isa = PBXBuildFile; fileRef = FA1F3330182EA06B00F67285 /* QuartzCore.framework */; };
		FA1F3333182EA07800F67285 /* libiconv.dylib in Frameworks */ = {isa = PBXBuildFile; fileRef = FA1F3332182EA07800F67285 /* libiconv.dylib */; };
		FA1F3336182EC23900F67285 /* SynchronizeViewController.m in Sources */ = {isa = PBXBuildFile; fileRef = FA1F3335182EC23900F67285 /* SynchronizeViewController.m */; };
		FA1F333A182ED2B300F67285 /* DBChooser.framework in Frameworks */ = {isa = PBXBuildFile; fileRef = FA1F3339182ED2B300F67285 /* DBChooser.framework */; };
		FA1F333C182ED32E00F67285 /* DBChooser.bundle in Resources */ = {isa = PBXBuildFile; fileRef = FA1F333B182ED32E00F67285 /* DBChooser.bundle */; };
		FA1F335B182EDAB700F67285 /* libzbar.a in Frameworks */ = {isa = PBXBuildFile; fileRef = FA1F3355182EDAB700F67285 /* libzbar.a */; };
		FA1F335C182EDAB700F67285 /* zbar-back.png in Resources */ = {isa = PBXBuildFile; fileRef = FA1F3357182EDAB700F67285 /* zbar-back.png */; };
		FA1F335D182EDAB700F67285 /* zbar-help.html in Resources */ = {isa = PBXBuildFile; fileRef = FA1F3358182EDAB700F67285 /* zbar-help.html */; };
		FA1F335E182EDAB700F67285 /* zbar-helpicons.png in Resources */ = {isa = PBXBuildFile; fileRef = FA1F3359182EDAB700F67285 /* zbar-helpicons.png */; };
		FA1F335F182EDAB700F67285 /* zbar-samples.png in Resources */ = {isa = PBXBuildFile; fileRef = FA1F335A182EDAB700F67285 /* zbar-samples.png */; };
		FA422821182E299200EB74A1 /* BookViewController.m in Sources */ = {isa = PBXBuildFile; fileRef = FA422820182E299200EB74A1 /* BookViewController.m */; };
		FA55D4D8182D963E00808519 /* Foundation.framework in Frameworks */ = {isa = PBXBuildFile; fileRef = FA55D4D7182D963E00808519 /* Foundation.framework */; };
		FA55D4DA182D963E00808519 /* CoreGraphics.framework in Frameworks */ = {isa = PBXBuildFile; fileRef = FA55D4D9182D963E00808519 /* CoreGraphics.framework */; };
		FA55D4DC182D963E00808519 /* UIKit.framework in Frameworks */ = {isa = PBXBuildFile; fileRef = FA55D4DB182D963E00808519 /* UIKit.framework */; };
		FA55D4E2182D963E00808519 /* InfoPlist.strings in Resources */ = {isa = PBXBuildFile; fileRef = FA55D4E0182D963E00808519 /* InfoPlist.strings */; };
		FA55D4E4182D963E00808519 /* main.m in Sources */ = {isa = PBXBuildFile; fileRef = FA55D4E3182D963E00808519 /* main.m */; };
		FA55D4E8182D963E00808519 /* AppDelegate.m in Sources */ = {isa = PBXBuildFile; fileRef = FA55D4E7182D963E00808519 /* AppDelegate.m */; };
		FA55D4EB182D963E00808519 /* Main.storyboard in Resources */ = {isa = PBXBuildFile; fileRef = FA55D4E9182D963E00808519 /* Main.storyboard */; };
		FA55D4F3182D963E00808519 /* Images.xcassets in Resources */ = {isa = PBXBuildFile; fileRef = FA55D4F2182D963E00808519 /* Images.xcassets */; };
		FA55D4FA182D963E00808519 /* XCTest.framework in Frameworks */ = {isa = PBXBuildFile; fileRef = FA55D4F9182D963E00808519 /* XCTest.framework */; };
		FA55D4FB182D963E00808519 /* Foundation.framework in Frameworks */ = {isa = PBXBuildFile; fileRef = FA55D4D7182D963E00808519 /* Foundation.framework */; };
		FA55D4FC182D963E00808519 /* UIKit.framework in Frameworks */ = {isa = PBXBuildFile; fileRef = FA55D4DB182D963E00808519 /* UIKit.framework */; };
		FA55D511182D9A3A00808519 /* BooksViewController.m in Sources */ = {isa = PBXBuildFile; fileRef = FA55D510182D9A3A00808519 /* BooksViewController.m */; };
		FA55D514182D9B0400808519 /* BooksNavigationViewController.m in Sources */ = {isa = PBXBuildFile; fileRef = FA55D513182D9B0400808519 /* BooksNavigationViewController.m */; };
		FA55D519182DA0CF00808519 /* Book.m in Sources */ = {isa = PBXBuildFile; fileRef = FA55D518182DA0CF00808519 /* Book.m */; };
		FAD20D7C182EF4BB00335C0B /* DeptorsViewController.m in Sources */ = {isa = PBXBuildFile; fileRef = FAD20D7B182EF4BB00335C0B /* DeptorsViewController.m */; };
/* End PBXBuildFile section */

/* Begin PBXContainerItemProxy section */
		FA55D4FD182D963E00808519 /* PBXContainerItemProxy */ = {
			isa = PBXContainerItemProxy;
			containerPortal = FA55D4CC182D963E00808519 /* Project object */;
			proxyType = 1;
			remoteGlobalIDString = FA55D4D3182D963E00808519;
			remoteInfo = Exlibris;
		};
/* End PBXContainerItemProxy section */

/* Begin PBXFileReference section */
		FA1F3301182E736500F67285 /* DebtorViewController.h */ = {isa = PBXFileReference; fileEncoding = 4; lastKnownFileType = sourcecode.c.h; path = DebtorViewController.h; sourceTree = "<group>"; };
		FA1F3302182E736500F67285 /* DebtorViewController.m */ = {isa = PBXFileReference; fileEncoding = 4; lastKnownFileType = sourcecode.c.objc; path = DebtorViewController.m; sourceTree = "<group>"; };
		FA1F3304182E737000F67285 /* SyncViewController.h */ = {isa = PBXFileReference; fileEncoding = 4; lastKnownFileType = sourcecode.c.h; path = SyncViewController.h; sourceTree = "<group>"; };
		FA1F3305182E737000F67285 /* SyncViewController.m */ = {isa = PBXFileReference; fileEncoding = 4; lastKnownFileType = sourcecode.c.objc; path = SyncViewController.m; sourceTree = "<group>"; };
		FA1F332A182EA04E00F67285 /* AVFoundation.framework */ = {isa = PBXFileReference; lastKnownFileType = wrapper.framework; name = AVFoundation.framework; path = System/Library/Frameworks/AVFoundation.framework; sourceTree = SDKROOT; };
		FA1F332C182EA05700F67285 /* CoreMedia.framework */ = {isa = PBXFileReference; lastKnownFileType = wrapper.framework; name = CoreMedia.framework; path = System/Library/Frameworks/CoreMedia.framework; sourceTree = SDKROOT; };
		FA1F332E182EA06200F67285 /* CoreVideo.framework */ = {isa = PBXFileReference; lastKnownFileType = wrapper.framework; name = CoreVideo.framework; path = System/Library/Frameworks/CoreVideo.framework; sourceTree = SDKROOT; };
		FA1F3330182EA06B00F67285 /* QuartzCore.framework */ = {isa = PBXFileReference; lastKnownFileType = wrapper.framework; name = QuartzCore.framework; path = System/Library/Frameworks/QuartzCore.framework; sourceTree = SDKROOT; };
		FA1F3332182EA07800F67285 /* libiconv.dylib */ = {isa = PBXFileReference; lastKnownFileType = "compiled.mach-o.dylib"; name = libiconv.dylib; path = usr/lib/libiconv.dylib; sourceTree = SDKROOT; };
		FA1F3334182EC23900F67285 /* SynchronizeViewController.h */ = {isa = PBXFileReference; fileEncoding = 4; lastKnownFileType = sourcecode.c.h; path = SynchronizeViewController.h; sourceTree = "<group>"; };
		FA1F3335182EC23900F67285 /* SynchronizeViewController.m */ = {isa = PBXFileReference; fileEncoding = 4; lastKnownFileType = sourcecode.c.objc; path = SynchronizeViewController.m; sourceTree = "<group>"; };
		FA1F3339182ED2B300F67285 /* DBChooser.framework */ = {isa = PBXFileReference; lastKnownFileType = wrapper.framework; path = DBChooser.framework; sourceTree = "<group>"; };
		FA1F333B182ED32E00F67285 /* DBChooser.bundle */ = {isa = PBXFileReference; lastKnownFileType = "wrapper.plug-in"; name = DBChooser.bundle; path = ../DBChooser.bundle; sourceTree = "<group>"; };
		FA1F3341182EDAB700F67285 /* Decoder.h */ = {isa = PBXFileReference; fileEncoding = 4; lastKnownFileType = sourcecode.c.h; path = Decoder.h; sourceTree = "<group>"; };
		FA1F3342182EDAB700F67285 /* Exception.h */ = {isa = PBXFileReference; fileEncoding = 4; lastKnownFileType = sourcecode.c.h; path = Exception.h; sourceTree = "<group>"; };
		FA1F3343182EDAB700F67285 /* Image.h */ = {isa = PBXFileReference; fileEncoding = 4; lastKnownFileType = sourcecode.c.h; path = Image.h; sourceTree = "<group>"; };
		FA1F3344182EDAB700F67285 /* ImageScanner.h */ = {isa = PBXFileReference; fileEncoding = 4; lastKnownFileType = sourcecode.c.h; path = ImageScanner.h; sourceTree = "<group>"; };
		FA1F3345182EDAB700F67285 /* Processor.h */ = {isa = PBXFileReference; fileEncoding = 4; lastKnownFileType = sourcecode.c.h; path = Processor.h; sourceTree = "<group>"; };
		FA1F3346182EDAB700F67285 /* Scanner.h */ = {isa = PBXFileReference; fileEncoding = 4; lastKnownFileType = sourcecode.c.h; path = Scanner.h; sourceTree = "<group>"; };
		FA1F3347182EDAB700F67285 /* Symbol.h */ = {isa = PBXFileReference; fileEncoding = 4; lastKnownFileType = sourcecode.c.h; path = Symbol.h; sourceTree = "<group>"; };
		FA1F3348182EDAB700F67285 /* Video.h */ = {isa = PBXFileReference; fileEncoding = 4; lastKnownFileType = sourcecode.c.h; path = Video.h; sourceTree = "<group>"; };
		FA1F3349182EDAB700F67285 /* Window.h */ = {isa = PBXFileReference; fileEncoding = 4; lastKnownFileType = sourcecode.c.h; path = Window.h; sourceTree = "<group>"; };
		FA1F334A182EDAB700F67285 /* zbar.h */ = {isa = PBXFileReference; fileEncoding = 4; lastKnownFileType = sourcecode.c.h; path = zbar.h; sourceTree = "<group>"; };
		FA1F334B182EDAB700F67285 /* ZBarCameraSimulator.h */ = {isa = PBXFileReference; fileEncoding = 4; lastKnownFileType = sourcecode.c.h; path = ZBarCameraSimulator.h; sourceTree = "<group>"; };
		FA1F334C182EDAB700F67285 /* ZBarCaptureReader.h */ = {isa = PBXFileReference; fileEncoding = 4; lastKnownFileType = sourcecode.c.h; path = ZBarCaptureReader.h; sourceTree = "<group>"; };
		FA1F334D182EDAB700F67285 /* ZBarHelpController.h */ = {isa = PBXFileReference; fileEncoding = 4; lastKnownFileType = sourcecode.c.h; path = ZBarHelpController.h; sourceTree = "<group>"; };
		FA1F334E182EDAB700F67285 /* ZBarImage.h */ = {isa = PBXFileReference; fileEncoding = 4; lastKnownFileType = sourcecode.c.h; path = ZBarImage.h; sourceTree = "<group>"; };
		FA1F334F182EDAB700F67285 /* ZBarImageScanner.h */ = {isa = PBXFileReference; fileEncoding = 4; lastKnownFileType = sourcecode.c.h; path = ZBarImageScanner.h; sourceTree = "<group>"; };
		FA1F3350182EDAB700F67285 /* ZBarReaderController.h */ = {isa = PBXFileReference; fileEncoding = 4; lastKnownFileType = sourcecode.c.h; path = ZBarReaderController.h; sourceTree = "<group>"; };
		FA1F3351182EDAB700F67285 /* ZBarReaderView.h */ = {isa = PBXFileReference; fileEncoding = 4; lastKnownFileType = sourcecode.c.h; path = ZBarReaderView.h; sourceTree = "<group>"; };
		FA1F3352182EDAB700F67285 /* ZBarReaderViewController.h */ = {isa = PBXFileReference; fileEncoding = 4; lastKnownFileType = sourcecode.c.h; path = ZBarReaderViewController.h; sourceTree = "<group>"; };
		FA1F3353182EDAB700F67285 /* ZBarSDK.h */ = {isa = PBXFileReference; fileEncoding = 4; lastKnownFileType = sourcecode.c.h; path = ZBarSDK.h; sourceTree = "<group>"; };
		FA1F3354182EDAB700F67285 /* ZBarSymbol.h */ = {isa = PBXFileReference; fileEncoding = 4; lastKnownFileType = sourcecode.c.h; path = ZBarSymbol.h; sourceTree = "<group>"; };
		FA1F3355182EDAB700F67285 /* libzbar.a */ = {isa = PBXFileReference; lastKnownFileType = archive.ar; path = libzbar.a; sourceTree = "<group>"; };
		FA1F3357182EDAB700F67285 /* zbar-back.png */ = {isa = PBXFileReference; lastKnownFileType = image.png; path = "zbar-back.png"; sourceTree = "<group>"; };
		FA1F3358182EDAB700F67285 /* zbar-help.html */ = {isa = PBXFileReference; fileEncoding = 4; lastKnownFileType = text.html; path = "zbar-help.html"; sourceTree = "<group>"; };
		FA1F3359182EDAB700F67285 /* zbar-helpicons.png */ = {isa = PBXFileReference; lastKnownFileType = image.png; path = "zbar-helpicons.png"; sourceTree = "<group>"; };
		FA1F335A182EDAB700F67285 /* zbar-samples.png */ = {isa = PBXFileReference; lastKnownFileType = image.png; path = "zbar-samples.png"; sourceTree = "<group>"; };
		FA42281F182E299200EB74A1 /* BookViewController.h */ = {isa = PBXFileReference; fileEncoding = 4; lastKnownFileType = sourcecode.c.h; path = BookViewController.h; sourceTree = "<group>"; };
		FA422820182E299200EB74A1 /* BookViewController.m */ = {isa = PBXFileReference; fileEncoding = 4; lastKnownFileType = sourcecode.c.objc; path = BookViewController.m; sourceTree = "<group>"; };
		FA55D4D4182D963E00808519 /* Exlibris.app */ = {isa = PBXFileReference; explicitFileType = wrapper.application; includeInIndex = 0; path = Exlibris.app; sourceTree = BUILT_PRODUCTS_DIR; };
		FA55D4D7182D963E00808519 /* Foundation.framework */ = {isa = PBXFileReference; lastKnownFileType = wrapper.framework; name = Foundation.framework; path = System/Library/Frameworks/Foundation.framework; sourceTree = SDKROOT; };
		FA55D4D9182D963E00808519 /* CoreGraphics.framework */ = {isa = PBXFileReference; lastKnownFileType = wrapper.framework; name = CoreGraphics.framework; path = System/Library/Frameworks/CoreGraphics.framework; sourceTree = SDKROOT; };
		FA55D4DB182D963E00808519 /* UIKit.framework */ = {isa = PBXFileReference; lastKnownFileType = wrapper.framework; name = UIKit.framework; path = System/Library/Frameworks/UIKit.framework; sourceTree = SDKROOT; };
		FA55D4DF182D963E00808519 /* Exlibris-Info.plist */ = {isa = PBXFileReference; lastKnownFileType = text.plist.xml; path = "Exlibris-Info.plist"; sourceTree = "<group>"; };
		FA55D4E1182D963E00808519 /* en */ = {isa = PBXFileReference; lastKnownFileType = text.plist.strings; name = en; path = en.lproj/InfoPlist.strings; sourceTree = "<group>"; };
		FA55D4E3182D963E00808519 /* main.m */ = {isa = PBXFileReference; lastKnownFileType = sourcecode.c.objc; path = main.m; sourceTree = "<group>"; };
		FA55D4E5182D963E00808519 /* Exlibris-Prefix.pch */ = {isa = PBXFileReference; lastKnownFileType = sourcecode.c.h; path = "Exlibris-Prefix.pch"; sourceTree = "<group>"; };
		FA55D4E6182D963E00808519 /* AppDelegate.h */ = {isa = PBXFileReference; lastKnownFileType = sourcecode.c.h; path = AppDelegate.h; sourceTree = "<group>"; };
		FA55D4E7182D963E00808519 /* AppDelegate.m */ = {isa = PBXFileReference; lastKnownFileType = sourcecode.c.objc; path = AppDelegate.m; sourceTree = "<group>"; };
		FA55D4EA182D963E00808519 /* Base */ = {isa = PBXFileReference; lastKnownFileType = file.storyboard; name = Base; path = Base.lproj/Main.storyboard; sourceTree = "<group>"; };
		FA55D4F2182D963E00808519 /* Images.xcassets */ = {isa = PBXFileReference; lastKnownFileType = folder.assetcatalog; path = Images.xcassets; sourceTree = "<group>"; };
		FA55D4F8182D963E00808519 /* ExlibrisTests.xctest */ = {isa = PBXFileReference; explicitFileType = wrapper.cfbundle; includeInIndex = 0; path = ExlibrisTests.xctest; sourceTree = BUILT_PRODUCTS_DIR; };
		FA55D4F9182D963E00808519 /* XCTest.framework */ = {isa = PBXFileReference; lastKnownFileType = wrapper.framework; name = XCTest.framework; path = Library/Frameworks/XCTest.framework; sourceTree = DEVELOPER_DIR; };
		FA55D50F182D9A3A00808519 /* BooksViewController.h */ = {isa = PBXFileReference; fileEncoding = 4; lastKnownFileType = sourcecode.c.h; path = BooksViewController.h; sourceTree = "<group>"; };
		FA55D510182D9A3A00808519 /* BooksViewController.m */ = {isa = PBXFileReference; fileEncoding = 4; lastKnownFileType = sourcecode.c.objc; path = BooksViewController.m; sourceTree = "<group>"; };
		FA55D512182D9B0400808519 /* BooksNavigationViewController.h */ = {isa = PBXFileReference; fileEncoding = 4; lastKnownFileType = sourcecode.c.h; path = BooksNavigationViewController.h; sourceTree = "<group>"; };
		FA55D513182D9B0400808519 /* BooksNavigationViewController.m */ = {isa = PBXFileReference; fileEncoding = 4; lastKnownFileType = sourcecode.c.objc; path = BooksNavigationViewController.m; sourceTree = "<group>"; };
		FA55D517182DA0CF00808519 /* Book.h */ = {isa = PBXFileReference; fileEncoding = 4; lastKnownFileType = sourcecode.c.h; path = Book.h; sourceTree = "<group>"; };
		FA55D518182DA0CF00808519 /* Book.m */ = {isa = PBXFileReference; fileEncoding = 4; lastKnownFileType = sourcecode.c.objc; path = Book.m; sourceTree = "<group>"; };
		FAD20D7A182EF4BB00335C0B /* DeptorsViewController.h */ = {isa = PBXFileReference; fileEncoding = 4; lastKnownFileType = sourcecode.c.h; path = DeptorsViewController.h; sourceTree = "<group>"; };
		FAD20D7B182EF4BB00335C0B /* DeptorsViewController.m */ = {isa = PBXFileReference; fileEncoding = 4; lastKnownFileType = sourcecode.c.objc; path = DeptorsViewController.m; sourceTree = "<group>"; };
/* End PBXFileReference section */

/* Begin PBXFrameworksBuildPhase section */
		FA55D4D1182D963E00808519 /* Frameworks */ = {
			isa = PBXFrameworksBuildPhase;
			buildActionMask = 2147483647;
			files = (
				FA1F3333182EA07800F67285 /* libiconv.dylib in Frameworks */,
				FA1F3331182EA06B00F67285 /* QuartzCore.framework in Frameworks */,
				FA1F335B182EDAB700F67285 /* libzbar.a in Frameworks */,
				FA1F332F182EA06200F67285 /* CoreVideo.framework in Frameworks */,
				FA1F332D182EA05700F67285 /* CoreMedia.framework in Frameworks */,
				FA1F332B182EA04E00F67285 /* AVFoundation.framework in Frameworks */,
				FA55D4DA182D963E00808519 /* CoreGraphics.framework in Frameworks */,
				FA55D4DC182D963E00808519 /* UIKit.framework in Frameworks */,
				FA1F333A182ED2B300F67285 /* DBChooser.framework in Frameworks */,
				FA55D4D8182D963E00808519 /* Foundation.framework in Frameworks */,
			);
			runOnlyForDeploymentPostprocessing = 0;
		};
		FA55D4F5182D963E00808519 /* Frameworks */ = {
			isa = PBXFrameworksBuildPhase;
			buildActionMask = 2147483647;
			files = (
				FA55D4FA182D963E00808519 /* XCTest.framework in Frameworks */,
				FA55D4FC182D963E00808519 /* UIKit.framework in Frameworks */,
				FA55D4FB182D963E00808519 /* Foundation.framework in Frameworks */,
			);
			runOnlyForDeploymentPostprocessing = 0;
		};
/* End PBXFrameworksBuildPhase section */

/* Begin PBXGroup section */
		FA1F3300182E733B00F67285 /* Navcons */ = {
			isa = PBXGroup;
			children = (
				FA55D512182D9B0400808519 /* BooksNavigationViewController.h */,
				FA55D513182D9B0400808519 /* BooksNavigationViewController.m */,
				FA1F3301182E736500F67285 /* DebtorViewController.h */,
				FA1F3302182E736500F67285 /* DebtorViewController.m */,
				FA1F3304182E737000F67285 /* SyncViewController.h */,
				FA1F3305182E737000F67285 /* SyncViewController.m */,
			);
			name = Navcons;
			sourceTree = "<group>";
		};
		FA1F333D182EDAB700F67285 /* ZBarSDK */ = {
			isa = PBXGroup;
			children = (
				FA1F333E182EDAB700F67285 /* Headers */,
				FA1F3355182EDAB700F67285 /* libzbar.a */,
				FA1F3356182EDAB700F67285 /* Resources */,
			);
			path = ZBarSDK;
			sourceTree = "<group>";
		};
		FA1F333E182EDAB700F67285 /* Headers */ = {
			isa = PBXGroup;
			children = (
				FA1F333F182EDAB700F67285 /* ZBarSDK */,
			);
			path = Headers;
			sourceTree = "<group>";
		};
		FA1F333F182EDAB700F67285 /* ZBarSDK */ = {
			isa = PBXGroup;
			children = (
				FA1F3340182EDAB700F67285 /* zbar */,
				FA1F334A182EDAB700F67285 /* zbar.h */,
				FA1F334B182EDAB700F67285 /* ZBarCameraSimulator.h */,
				FA1F334C182EDAB700F67285 /* ZBarCaptureReader.h */,
				FA1F334D182EDAB700F67285 /* ZBarHelpController.h */,
				FA1F334E182EDAB700F67285 /* ZBarImage.h */,
				FA1F334F182EDAB700F67285 /* ZBarImageScanner.h */,
				FA1F3350182EDAB700F67285 /* ZBarReaderController.h */,
				FA1F3351182EDAB700F67285 /* ZBarReaderView.h */,
				FA1F3352182EDAB700F67285 /* ZBarReaderViewController.h */,
				FA1F3353182EDAB700F67285 /* ZBarSDK.h */,
				FA1F3354182EDAB700F67285 /* ZBarSymbol.h */,
			);
			path = ZBarSDK;
			sourceTree = "<group>";
		};
		FA1F3340182EDAB700F67285 /* zbar */ = {
			isa = PBXGroup;
			children = (
				FA1F3341182EDAB700F67285 /* Decoder.h */,
				FA1F3342182EDAB700F67285 /* Exception.h */,
				FA1F3343182EDAB700F67285 /* Image.h */,
				FA1F3344182EDAB700F67285 /* ImageScanner.h */,
				FA1F3345182EDAB700F67285 /* Processor.h */,
				FA1F3346182EDAB700F67285 /* Scanner.h */,
				FA1F3347182EDAB700F67285 /* Symbol.h */,
				FA1F3348182EDAB700F67285 /* Video.h */,
				FA1F3349182EDAB700F67285 /* Window.h */,
			);
			path = zbar;
			sourceTree = "<group>";
		};
		FA1F3356182EDAB700F67285 /* Resources */ = {
			isa = PBXGroup;
			children = (
				FA1F3357182EDAB700F67285 /* zbar-back.png */,
				FA1F3358182EDAB700F67285 /* zbar-help.html */,
				FA1F3359182EDAB700F67285 /* zbar-helpicons.png */,
				FA1F335A182EDAB700F67285 /* zbar-samples.png */,
			);
			path = Resources;
			sourceTree = "<group>";
		};
		FA55D4CB182D963E00808519 = {
			isa = PBXGroup;
			children = (
				FA55D4DD182D963E00808519 /* Exlibris */,
				FA55D4D6182D963E00808519 /* Frameworks */,
				FA55D4D5182D963E00808519 /* Products */,
			);
			sourceTree = "<group>";
		};
		FA55D4D5182D963E00808519 /* Products */ = {
			isa = PBXGroup;
			children = (
				FA55D4D4182D963E00808519 /* Exlibris.app */,
				FA55D4F8182D963E00808519 /* ExlibrisTests.xctest */,
			);
			name = Products;
			sourceTree = "<group>";
		};
		FA55D4D6182D963E00808519 /* Frameworks */ = {
			isa = PBXGroup;
			children = (
				FA1F333D182EDAB700F67285 /* ZBarSDK */,
				FA1F3339182ED2B300F67285 /* DBChooser.framework */,
				FA1F3332182EA07800F67285 /* libiconv.dylib */,
				FA1F3330182EA06B00F67285 /* QuartzCore.framework */,
				FA1F332E182EA06200F67285 /* CoreVideo.framework */,
				FA1F332C182EA05700F67285 /* CoreMedia.framework */,
				FA1F332A182EA04E00F67285 /* AVFoundation.framework */,
				FA55D4D7182D963E00808519 /* Foundation.framework */,
				FA55D4D9182D963E00808519 /* CoreGraphics.framework */,
				FA55D4DB182D963E00808519 /* UIKit.framework */,
				FA55D4F9182D963E00808519 /* XCTest.framework */,
			);
			name = Frameworks;
			sourceTree = "<group>";
		};
		FA55D4DD182D963E00808519 /* Exlibris */ = {
			isa = PBXGroup;
			children = (
				FA55D4E6182D963E00808519 /* AppDelegate.h */,
				FA55D4E7182D963E00808519 /* AppDelegate.m */,
				FA55D50F182D9A3A00808519 /* BooksViewController.h */,
				FA55D510182D9A3A00808519 /* BooksViewController.m */,
				FAD20D7A182EF4BB00335C0B /* DeptorsViewController.h */,
				FAD20D7B182EF4BB00335C0B /* DeptorsViewController.m */,
				FA42281F182E299200EB74A1 /* BookViewController.h */,
				FA422820182E299200EB74A1 /* BookViewController.m */,
				FA1F3334182EC23900F67285 /* SynchronizeViewController.h */,
				FA1F3335182EC23900F67285 /* SynchronizeViewController.m */,
				FA55D517182DA0CF00808519 /* Book.h */,
				FA55D518182DA0CF00808519 /* Book.m */,
				FA1F3300182E733B00F67285 /* Navcons */,
				FA55D4E9182D963E00808519 /* Main.storyboard */,
				FA55D4F2182D963E00808519 /* Images.xcassets */,
				FA55D4DE182D963E00808519 /* Supporting Files */,
			);
			path = Exlibris;
			sourceTree = "<group>";
		};
		FA55D4DE182D963E00808519 /* Supporting Files */ = {
			isa = PBXGroup;
			children = (
				FA1F333B182ED32E00F67285 /* DBChooser.bundle */,
				FA55D4DF182D963E00808519 /* Exlibris-Info.plist */,
				FA55D4E0182D963E00808519 /* InfoPlist.strings */,
				FA55D4E3182D963E00808519 /* main.m */,
				FA55D4E5182D963E00808519 /* Exlibris-Prefix.pch */,
			);
			name = "Supporting Files";
			sourceTree = "<group>";
		};
/* End PBXGroup section */

/* Begin PBXNativeTarget section */
		FA55D4D3182D963E00808519 /* Exlibris */ = {
			isa = PBXNativeTarget;
			buildConfigurationList = FA55D509182D963E00808519 /* Build configuration list for PBXNativeTarget "Exlibris" */;
			buildPhases = (
				FA55D4D0182D963E00808519 /* Sources */,
				FA55D4D1182D963E00808519 /* Frameworks */,
				FA55D4D2182D963E00808519 /* Resources */,
			);
			buildRules = (
			);
			dependencies = (
			);
			name = Exlibris;
			productName = Exlibris;
			productReference = FA55D4D4182D963E00808519 /* Exlibris.app */;
			productType = "com.apple.product-type.application";
		};
		FA55D4F7182D963E00808519 /* ExlibrisTests */ = {
			isa = PBXNativeTarget;
			buildConfigurationList = FA55D50C182D963E00808519 /* Build configuration list for PBXNativeTarget "ExlibrisTests" */;
			buildPhases = (
				FA55D4F4182D963E00808519 /* Sources */,
				FA55D4F5182D963E00808519 /* Frameworks */,
				FA55D4F6182D963E00808519 /* Resources */,
			);
			buildRules = (
			);
			dependencies = (
				FA55D4FE182D963E00808519 /* PBXTargetDependency */,
			);
			name = ExlibrisTests;
			productName = ExlibrisTests;
			productReference = FA55D4F8182D963E00808519 /* ExlibrisTests.xctest */;
			productType = "com.apple.product-type.bundle.unit-test";
		};
/* End PBXNativeTarget section */

/* Begin PBXProject section */
		FA55D4CC182D963E00808519 /* Project object */ = {
			isa = PBXProject;
			attributes = {
				LastUpgradeCheck = 0500;
				ORGANIZATIONNAME = "Paweł Ksieniewicz";
				TargetAttributes = {
					FA55D4D3182D963E00808519 = {
						DevelopmentTeam = 377SA7CLTK;
					};
					FA55D4F7182D963E00808519 = {
						TestTargetID = FA55D4D3182D963E00808519;
					};
				};
			};
			buildConfigurationList = FA55D4CF182D963E00808519 /* Build configuration list for PBXProject "Bukini" */;
			compatibilityVersion = "Xcode 3.2";
			developmentRegion = English;
			hasScannedForEncodings = 0;
			knownRegions = (
				en,
				Base,
			);
			mainGroup = FA55D4CB182D963E00808519;
			productRefGroup = FA55D4D5182D963E00808519 /* Products */;
			projectDirPath = "";
			projectRoot = "";
			targets = (
				FA55D4D3182D963E00808519 /* Exlibris */,
				FA55D4F7182D963E00808519 /* ExlibrisTests */,
			);
		};
/* End PBXProject section */

/* Begin PBXResourcesBuildPhase section */
		FA55D4D2182D963E00808519 /* Resources */ = {
			isa = PBXResourcesBuildPhase;
			buildActionMask = 2147483647;
			files = (
				FA55D4F3182D963E00808519 /* Images.xcassets in Resources */,
				FA1F333C182ED32E00F67285 /* DBChooser.bundle in Resources */,
				FA55D4E2182D963E00808519 /* InfoPlist.strings in Resources */,
				FA55D4EB182D963E00808519 /* Main.storyboard in Resources */,
				FA1F335F182EDAB700F67285 /* zbar-samples.png in Resources */,
				FA1F335D182EDAB700F67285 /* zbar-help.html in Resources */,
				FA1F335C182EDAB700F67285 /* zbar-back.png in Resources */,
				FA1F335E182EDAB700F67285 /* zbar-helpicons.png in Resources */,
			);
			runOnlyForDeploymentPostprocessing = 0;
		};
		FA55D4F6182D963E00808519 /* Resources */ = {
			isa = PBXResourcesBuildPhase;
			buildActionMask = 2147483647;
			files = (
			);
			runOnlyForDeploymentPostprocessing = 0;
		};
/* End PBXResourcesBuildPhase section */

/* Begin PBXSourcesBuildPhase section */
		FA55D4D0182D963E00808519 /* Sources */ = {
			isa = PBXSourcesBuildPhase;
			buildActionMask = 2147483647;
			files = (
				FA422821182E299200EB74A1 /* BookViewController.m in Sources */,
				FA55D511182D9A3A00808519 /* BooksViewController.m in Sources */,
				FA55D4E8182D963E00808519 /* AppDelegate.m in Sources */,
				FA1F3336182EC23900F67285 /* SynchronizeViewController.m in Sources */,
				FAD20D7C182EF4BB00335C0B /* DeptorsViewController.m in Sources */,
				FA1F3306182E737000F67285 /* SyncViewController.m in Sources */,
				FA55D514182D9B0400808519 /* BooksNavigationViewController.m in Sources */,
				FA55D519182DA0CF00808519 /* Book.m in Sources */,
				FA1F3303182E736500F67285 /* DebtorViewController.m in Sources */,
				FA55D4E4182D963E00808519 /* main.m in Sources */,
			);
			runOnlyForDeploymentPostprocessing = 0;
		};
		FA55D4F4182D963E00808519 /* Sources */ = {
			isa = PBXSourcesBuildPhase;
			buildActionMask = 2147483647;
			files = (
			);
			runOnlyForDeploymentPostprocessing = 0;
		};
/* End PBXSourcesBuildPhase section */

/* Begin PBXTargetDependency section */
		FA55D4FE182D963E00808519 /* PBXTargetDependency */ = {
			isa = PBXTargetDependency;
			target = FA55D4D3182D963E00808519 /* Exlibris */;
			targetProxy = FA55D4FD182D963E00808519 /* PBXContainerItemProxy */;
		};
/* End PBXTargetDependency section */

/* Begin PBXVariantGroup section */
		FA55D4E0182D963E00808519 /* InfoPlist.strings */ = {
			isa = PBXVariantGroup;
			children = (
				FA55D4E1182D963E00808519 /* en */,
			);
			name = InfoPlist.strings;
			sourceTree = "<group>";
		};
		FA55D4E9182D963E00808519 /* Main.storyboard */ = {
			isa = PBXVariantGroup;
			children = (
				FA55D4EA182D963E00808519 /* Base */,
			);
			name = Main.storyboard;
			sourceTree = "<group>";
		};
/* End PBXVariantGroup section */

/* Begin XCBuildConfiguration section */
		FA55D507182D963E00808519 /* Debug */ = {
			isa = XCBuildConfiguration;
			buildSettings = {
				ALWAYS_SEARCH_USER_PATHS = NO;
				ARCHS = "$(ARCHS_STANDARD_INCLUDING_64_BIT)";
				CLANG_CXX_LANGUAGE_STANDARD = "gnu++0x";
				CLANG_CXX_LIBRARY = "libc++";
				CLANG_ENABLE_MODULES = YES;
				CLANG_ENABLE_OBJC_ARC = YES;
				CLANG_WARN_BOOL_CONVERSION = YES;
				CLANG_WARN_CONSTANT_CONVERSION = YES;
				CLANG_WARN_DIRECT_OBJC_ISA_USAGE = YES_ERROR;
				CLANG_WARN_EMPTY_BODY = YES;
				CLANG_WARN_ENUM_CONVERSION = YES;
				CLANG_WARN_INT_CONVERSION = YES;
				CLANG_WARN_OBJC_ROOT_CLASS = YES_ERROR;
				CLANG_WARN__DUPLICATE_METHOD_MATCH = YES;
				"CODE_SIGN_IDENTITY[sdk=iphoneos*]" = "iPhone Developer";
				COPY_PHASE_STRIP = NO;
				GCC_C_LANGUAGE_STANDARD = gnu99;
				GCC_DYNAMIC_NO_PIC = NO;
				GCC_OPTIMIZATION_LEVEL = 0;
				GCC_PREPROCESSOR_DEFINITIONS = (
					"DEBUG=1",
					"$(inherited)",
				);
				GCC_SYMBOLS_PRIVATE_EXTERN = NO;
				GCC_WARN_64_TO_32_BIT_CONVERSION = YES;
				GCC_WARN_ABOUT_RETURN_TYPE = YES_ERROR;
				GCC_WARN_UNDECLARED_SELECTOR = YES;
				GCC_WARN_UNINITIALIZED_AUTOS = YES;
				GCC_WARN_UNUSED_FUNCTION = YES;
				GCC_WARN_UNUSED_VARIABLE = YES;
				IPHONEOS_DEPLOYMENT_TARGET = 7.0;
				ONLY_ACTIVE_ARCH = YES;
				SDKROOT = iphoneos;
			};
			name = Debug;
		};
		FA55D508182D963E00808519 /* Release */ = {
			isa = XCBuildConfiguration;
			buildSettings = {
				ALWAYS_SEARCH_USER_PATHS = NO;
				ARCHS = "$(ARCHS_STANDARD_INCLUDING_64_BIT)";
				CLANG_CXX_LANGUAGE_STANDARD = "gnu++0x";
				CLANG_CXX_LIBRARY = "libc++";
				CLANG_ENABLE_MODULES = YES;
				CLANG_ENABLE_OBJC_ARC = YES;
				CLANG_WARN_BOOL_CONVERSION = YES;
				CLANG_WARN_CONSTANT_CONVERSION = YES;
				CLANG_WARN_DIRECT_OBJC_ISA_USAGE = YES_ERROR;
				CLANG_WARN_EMPTY_BODY = YES;
				CLANG_WARN_ENUM_CONVERSION = YES;
				CLANG_WARN_INT_CONVERSION = YES;
				CLANG_WARN_OBJC_ROOT_CLASS = YES_ERROR;
				CLANG_WARN__DUPLICATE_METHOD_MATCH = YES;
				"CODE_SIGN_IDENTITY[sdk=iphoneos*]" = "iPhone Developer";
				COPY_PHASE_STRIP = YES;
				ENABLE_NS_ASSERTIONS = NO;
				GCC_C_LANGUAGE_STANDARD = gnu99;
				GCC_WARN_64_TO_32_BIT_CONVERSION = YES;
				GCC_WARN_ABOUT_RETURN_TYPE = YES_ERROR;
				GCC_WARN_UNDECLARED_SELECTOR = YES;
				GCC_WARN_UNINITIALIZED_AUTOS = YES;
				GCC_WARN_UNUSED_FUNCTION = YES;
				GCC_WARN_UNUSED_VARIABLE = YES;
				IPHONEOS_DEPLOYMENT_TARGET = 7.0;
				SDKROOT = iphoneos;
				VALIDATE_PRODUCT = YES;
			};
			name = Release;
		};
		FA55D50A182D963E00808519 /* Debug */ = {
			isa = XCBuildConfiguration;
			buildSettings = {
				ARCHS = "$(ARCHS_STANDARD_INCLUDING_64_BIT)";
				ASSETCATALOG_COMPILER_APPICON_NAME = AppIcon;
				ASSETCATALOG_COMPILER_LAUNCHIMAGE_NAME = LaunchImage;
				CODE_SIGN_IDENTITY = "iPhone Developer";
				FRAMEWORK_SEARCH_PATHS = (
					"$(inherited)",
					/Users/xehivs/coding/bukini,
				);
				GCC_PRECOMPILE_PREFIX_HEADER = YES;
				GCC_PREFIX_HEADER = "Exlibris/Exlibris-Prefix.pch";
				INFOPLIST_FILE = "Exlibris/Exlibris-Info.plist";
				LIBRARY_SEARCH_PATHS = (
					"$(inherited)",
					/Users/xehivs/coding/bukini,
					/Users/xehivs/coding/bukini/ZBarSDK,
				);
				PRODUCT_NAME = "$(TARGET_NAME)";
				WRAPPER_EXTENSION = app;
			};
			name = Debug;
		};
		FA55D50B182D963E00808519 /* Release */ = {
			isa = XCBuildConfiguration;
			buildSettings = {
				ARCHS = "$(ARCHS_STANDARD_INCLUDING_64_BIT)";
				ASSETCATALOG_COMPILER_APPICON_NAME = AppIcon;
				ASSETCATALOG_COMPILER_LAUNCHIMAGE_NAME = LaunchImage;
				CODE_SIGN_IDENTITY = "iPhone Developer";
				FRAMEWORK_SEARCH_PATHS = (
					"$(inherited)",
					/Users/xehivs/coding/bukini,
				);
				GCC_PRECOMPILE_PREFIX_HEADER = YES;
				GCC_PREFIX_HEADER = "Exlibris/Exlibris-Prefix.pch";
				INFOPLIST_FILE = "Exlibris/Exlibris-Info.plist";
				LIBRARY_SEARCH_PATHS = (
					"$(inherited)",
					/Users/xehivs/coding/bukini,
					/Users/xehivs/coding/bukini/ZBarSDK,
				);
				PRODUCT_NAME = "$(TARGET_NAME)";
				WRAPPER_EXTENSION = app;
			};
			name = Release;
		};
		FA55D50D182D963E00808519 /* Debug */ = {
			isa = XCBuildConfiguration;
			buildSettings = {
				ARCHS = "$(ARCHS_STANDARD_INCLUDING_64_BIT)";
				BUNDLE_LOADER = "$(BUILT_PRODUCTS_DIR)/Exlibris.app/Exlibris";
				FRAMEWORK_SEARCH_PATHS = (
					"$(SDKROOT)/Developer/Library/Frameworks",
					"$(inherited)",
					"$(DEVELOPER_FRAMEWORKS_DIR)",
				);
				GCC_PRECOMPILE_PREFIX_HEADER = YES;
				GCC_PREFIX_HEADER = "Exlibris/Exlibris-Prefix.pch";
				GCC_PREPROCESSOR_DEFINITIONS = (
					"DEBUG=1",
					"$(inherited)",
				);
				INFOPLIST_FILE = "ExlibrisTests/ExlibrisTests-Info.plist";
				PRODUCT_NAME = "$(TARGET_NAME)";
				TEST_HOST = "$(BUNDLE_LOADER)";
				WRAPPER_EXTENSION = xctest;
			};
			name = Debug;
		};
		FA55D50E182D963E00808519 /* Release */ = {
			isa = XCBuildConfiguration;
			buildSettings = {
				ARCHS = "$(ARCHS_STANDARD_INCLUDING_64_BIT)";
				BUNDLE_LOADER = "$(BUILT_PRODUCTS_DIR)/Exlibris.app/Exlibris";
				FRAMEWORK_SEARCH_PATHS = (
					"$(SDKROOT)/Developer/Library/Frameworks",
					"$(inherited)",
					"$(DEVELOPER_FRAMEWORKS_DIR)",
				);
				GCC_PRECOMPILE_PREFIX_HEADER = YES;
				GCC_PREFIX_HEADER = "Exlibris/Exlibris-Prefix.pch";
				INFOPLIST_FILE = "ExlibrisTests/ExlibrisTests-Info.plist";
				PRODUCT_NAME = "$(TARGET_NAME)";
				TEST_HOST = "$(BUNDLE_LOADER)";
				WRAPPER_EXTENSION = xctest;
			};
			name = Release;
		};
/* End XCBuildConfiguration section */

/* Begin XCConfigurationList section */
		FA55D4CF182D963E00808519 /* Build configuration list for PBXProject "Bukini" */ = {
			isa = XCConfigurationList;
			buildConfigurations = (
				FA55D507182D963E00808519 /* Debug */,
				FA55D508182D963E00808519 /* Release */,
			);
			defaultConfigurationIsVisible = 0;
			defaultConfigurationName = Release;
		};
		FA55D509182D963E00808519 /* Build configuration list for PBXNativeTarget "Exlibris" */ = {
			isa = XCConfigurationList;
			buildConfigurations = (
				FA55D50A182D963E00808519 /* Debug */,
				FA55D50B182D963E00808519 /* Release */,
			);
			defaultConfigurationIsVisible = 0;
			defaultConfigurationName = Release;
		};
		FA55D50C182D963E00808519 /* Build configuration list for PBXNativeTarget "ExlibrisTests" */ = {
			isa = XCConfigurationList;
			buildConfigurations = (
				FA55D50D182D963E00808519 /* Debug */,
				FA55D50E182D963E00808519 /* Release */,
			);
			defaultConfigurationIsVisible = 0;
			defaultConfigurationName = Release;
		};
/* End XCConfigurationList section */
	};
	rootObject = FA55D4CC182D963E00808519 /* Project object */;
}
